
Microsoft Visual Studio Solution File, Format Version 12.00
# Visual Studio Version 17
VisualStudioVersion = 17.14.37301.10 d17.14
MinimumVisualStudioVersion = 10.0.40219.1
Project("{FAE04EC0-301F-11D3-BF4B-00C04F79EFBC}") = "SCMS.Api", "SCMS.Api\SCMS.Api.csproj", "{474AAC83-4BB3-4E89-B872-B8B49F5B4D67}"
EndProject
Project("{FAE04EC0-301F-11D3-BF4B-00C04F79EFBC}") = "SCMS.Domain", "SCMS.Domain\SCMS.Domain.csproj", "{BD1F3340-2512-42EC-8789-FA9D7920DF4D}"
EndProject
Project("{FAE04EC0-301F-11D3-BF4B-00C04F79EFBC}") = "SCMS.Database", "SCMS.Database\SCMS.Database.csproj", "{44C0179D-0FD3-4922-BEA9-DD448D472A57}"
EndProject
Project("{FAE04EC0-301F-11D3-BF4B-00C04F79EFBC}") = "SCMS.Shared", "SCMS.Shared\SCMS.Shared.csproj", "{5AD0F76E-E6BC-425B-8C83-3E02EDB4E888}"
EndProject
Global
	GlobalSection(SolutionConfigurationPlatforms) = preSolution
		Debug|Any CPU = Debug|Any CPU
		Release|Any CPU = Release|Any CPU
	EndGlobalSection
	GlobalSection(ProjectConfigurationPlatforms) = postSolution
		{474AAC83-4BB3-4E89-B872-B8B49F5B4D67}.Debug|Any CPU.ActiveCfg = Debug|Any CPU
		{474AAC83-4BB3-4E89-B872-B8B49F5B4D67}.Debug|Any CPU.Build.0 = Debug|Any CPU
		{474AAC83-4BB3-4E89-B872-B8B49F5B4D67}.Release|Any CPU.ActiveCfg = Release|Any CPU
		{474AAC83-4BB3-4E89-B872-B8B49F5B4D67}.Release|Any CPU.Build.0 = Release|Any CPU
		{BD1F3340-2512-42EC-8789-FA9D7920DF4D}.Debug|Any CPU.ActiveCfg = Debug|Any CPU
		{BD1F3340-2512-42EC-8789-FA9D7920DF4D}.Debug|Any CPU.Build.0 = Debug|Any CPU
		{BD1F3340-2512-42EC-8789-FA9D7920DF4D}.Release|Any CPU.ActiveCfg = Release|Any CPU
		{BD1F3340-2512-42EC-8789-FA9D7920DF4D}.Release|Any CPU.Build.0 = Release|Any CPU
		{44C0179D-0FD3-4922-BEA9-DD448D472A57}.Debug|Any CPU.ActiveCfg = Debug|Any CPU
		{44C0179D-0FD3-4922-BEA9-DD448D472A57}.Debug|Any CPU.Build.0 = Debug|Any CPU
		{44C0179D-0FD3-4922-BEA9-DD448D472A57}.Release|Any CPU.ActiveCfg = Release|Any CPU
		{44C0179D-0FD3-4922-BEA9-DD448D472A57}.Release|Any CPU.Build.0 = Release|Any CPU
		{5AD0F76E-E6BC-425B-8C83-3E02EDB4E888}.Debug|Any CPU.ActiveCfg = Debug|Any CPU
		{5AD0F76E-E6BC-425B-8C83-3E02EDB4E888}.Debug|Any CPU.Build.0 = Debug|Any CPU
		{5AD0F76E-E6BC-425B-8C83-3E02EDB4E888}.Release|Any CPU.ActiveCfg = Release|Any CPU
		{5AD0F76E-E6BC-425B-8C83-3E02EDB4E888}.Release|Any CPU.Build.0 = Release|Any CPU
	EndGlobalSection
	GlobalSection(SolutionProperties) = preSolution
		HideSolutionNode = FALSE
	EndGlobalSection
	GlobalSection(ExtensibilityGlobals) = postSolution
		SolutionGuid = {49F4B95F-A8CA-4364-AD22-682B8FBFD36B}
	EndGlobalSection
EndGlobal
