
Microsoft Visual Studio Solution File, Format Version 12.00
# Visual Studio Version 18
VisualStudioVersion = 18.6.11819.183 stable
MinimumVisualStudioVersion = 10.0.40219.1
Project("{FAE04EC0-301F-11D3-BF4B-00C04F79EFBC}") = "SCMS.Api", "SCMS.Api\SCMS.Api.csproj", "{474AAC83-4BB3-4E89-B872-B8B49F5B4D67}"
EndProject
Project("{FAE04EC0-301F-11D3-BF4B-00C04F79EFBC}") = "SCMS.Domain", "SCMS.Domain\SCMS.Domain.csproj", "{BD1F3340-2512-42EC-8789-FA9D7920DF4D}"
EndProject
Project("{FAE04EC0-301F-11D3-BF4B-00C04F79EFBC}") = "SCMS.Database", "SCMS.Database\SCMS.Database.csproj", "{44C0179D-0FD3-4922-BEA9-DD448D472A57}"
EndProject
Project("{FAE04EC0-301F-11D3-BF4B-00C04F79EFBC}") = "SCMS.Shared", "SCMS.Shared\SCMS.Shared.csproj", "{5AD0F76E-E6BC-425B-8C83-3E02EDB4E888}"
EndProject
Project("{FAE04EC0-301F-11D3-BF4B-00C04F79EFBC}") = "SCMS.Domain.Tests", "SCMS.Domain.Tests\SCMS.Domain.Tests.csproj", "{A83E5B31-4792-4BE3-B861-E9FA13836928}"
EndProject
Project("{FAE04EC0-301F-11D3-BF4B-00C04F79EFBC}") = "SCMS.Web", "SCMS.Web\SCMS.Web.csproj", "{08D3CE16-F664-47FA-9AC0-B1DE1152ACA6}"
EndProject
Global
	GlobalSection(SolutionConfigurationPlatforms) = preSolution
		Debug|Any CPU = Debug|Any CPU
		Debug|x64 = Debug|x64
		Debug|x86 = Debug|x86
		Release|Any CPU = Release|Any CPU
		Release|x64 = Release|x64
		Release|x86 = Release|x86
	EndGlobalSection
	GlobalSection(ProjectConfigurationPlatforms) = postSolution
		{474AAC83-4BB3-4E89-B872-B8B49F5B4D67}.Debug|Any CPU.ActiveCfg = Debug|Any CPU
		{474AAC83-4BB3-4E89-B872-B8B49F5B4D67}.Debug|Any CPU.Build.0 = Debug|Any CPU
		{474AAC83-4BB3-4E89-B872-B8B49F5B4D67}.Debug|x64.ActiveCfg = Debug|Any CPU
		{474AAC83-4BB3-4E89-B872-B8B49F5B4D67}.Debug|x64.Build.0 = Debug|Any CPU
		{474AAC83-4BB3-4E89-B872-B8B49F5B4D67}.Debug|x86.ActiveCfg = Debug|Any CPU
		{474AAC83-4BB3-4E89-B872-B8B49F5B4D67}.Debug|x86.Build.0 = Debug|Any CPU
		{474AAC83-4BB3-4E89-B872-B8B49F5B4D67}.Release|Any CPU.ActiveCfg = Release|Any CPU
		{474AAC83-4BB3-4E89-B872-B8B49F5B4D67}.Release|Any CPU.Build.0 = Release|Any CPU
		{474AAC83-4BB3-4E89-B872-B8B49F5B4D67}.Release|x64.ActiveCfg = Release|Any CPU
		{474AAC83-4BB3-4E89-B872-B8B49F5B4D67}.Release|x64.Build.0 = Release|Any CPU
		{474AAC83-4BB3-4E89-B872-B8B49F5B4D67}.Release|x86.ActiveCfg = Release|Any CPU
		{474AAC83-4BB3-4E89-B872-B8B49F5B4D67}.Release|x86.Build.0 = Release|Any CPU
		{BD1F3340-2512-42EC-8789-FA9D7920DF4D}.Debug|Any CPU.ActiveCfg = Debug|Any CPU
		{BD1F3340-2512-42EC-8789-FA9D7920DF4D}.Debug|Any CPU.Build.0 = Debug|Any CPU
		{BD1F3340-2512-42EC-8789-FA9D7920DF4D}.Debug|x64.ActiveCfg = Debug|Any CPU
		{BD1F3340-2512-42EC-8789-FA9D7920DF4D}.Debug|x64.Build.0 = Debug|Any CPU
		{BD1F3340-2512-42EC-8789-FA9D7920DF4D}.Debug|x86.ActiveCfg = Debug|Any CPU
		{BD1F3340-2512-42EC-8789-FA9D7920DF4D}.Debug|x86.Build.0 = Debug|Any CPU
		{BD1F3340-2512-42EC-8789-FA9D7920DF4D}.Release|Any CPU.ActiveCfg = Release|Any CPU
		{BD1F3340-2512-42EC-8789-FA9D7920DF4D}.Release|Any CPU.Build.0 = Release|Any CPU
		{BD1F3340-2512-42EC-8789-FA9D7920DF4D}.Release|x64.ActiveCfg = Release|Any CPU
		{BD1F3340-2512-42EC-8789-FA9D7920DF4D}.Release|x64.Build.0 = Release|Any CPU
		{BD1F3340-2512-42EC-8789-FA9D7920DF4D}.Release|x86.ActiveCfg = Release|Any CPU
		{BD1F3340-2512-42EC-8789-FA9D7920DF4D}.Release|x86.Build.0 = Release|Any CPU
		{44C0179D-0FD3-4922-BEA9-DD448D472A57}.Debug|Any CPU.ActiveCfg = Debug|Any CPU
		{44C0179D-0FD3-4922-BEA9-DD448D472A57}.Debug|Any CPU.Build.0 = Debug|Any CPU
		{44C0179D-0FD3-4922-BEA9-DD448D472A57}.Debug|x64.ActiveCfg = Debug|Any CPU
		{44C0179D-0FD3-4922-BEA9-DD448D472A57}.Debug|x64.Build.0 = Debug|Any CPU
		{44C0179D-0FD3-4922-BEA9-DD448D472A57}.Debug|x86.ActiveCfg = Debug|Any CPU
		{44C0179D-0FD3-4922-BEA9-DD448D472A57}.Debug|x86.Build.0 = Debug|Any CPU
		{44C0179D-0FD3-4922-BEA9-DD448D472A57}.Release|Any CPU.ActiveCfg = Release|Any CPU
		{44C0179D-0FD3-4922-BEA9-DD448D472A57}.Release|Any CPU.Build.0 = Release|Any CPU
		{44C0179D-0FD3-4922-BEA9-DD448D472A57}.Release|x64.ActiveCfg = Release|Any CPU
		{44C0179D-0FD3-4922-BEA9-DD448D472A57}.Release|x64.Build.0 = Release|Any CPU
		{44C0179D-0FD3-4922-BEA9-DD448D472A57}.Release|x86.ActiveCfg = Release|Any CPU
		{44C0179D-0FD3-4922-BEA9-DD448D472A57}.Release|x86.Build.0 = Release|Any CPU
		{5AD0F76E-E6BC-425B-8C83-3E02EDB4E888}.Debug|Any CPU.ActiveCfg = Debug|Any CPU
		{5AD0F76E-E6BC-425B-8C83-3E02EDB4E888}.Debug|Any CPU.Build.0 = Debug|Any CPU
		{5AD0F76E-E6BC-425B-8C83-3E02EDB4E888}.Debug|x64.ActiveCfg = Debug|Any CPU
		{5AD0F76E-E6BC-425B-8C83-3E02EDB4E888}.Debug|x64.Build.0 = Debug|Any CPU
		{5AD0F76E-E6BC-425B-8C83-3E02EDB4E888}.Debug|x86.ActiveCfg = Debug|Any CPU
		{5AD0F76E-E6BC-425B-8C83-3E02EDB4E888}.Debug|x86.Build.0 = Debug|Any CPU
		{5AD0F76E-E6BC-425B-8C83-3E02EDB4E888}.Release|Any CPU.ActiveCfg = Release|Any CPU
		{5AD0F76E-E6BC-425B-8C83-3E02EDB4E888}.Release|Any CPU.Build.0 = Release|Any CPU
		{5AD0F76E-E6BC-425B-8C83-3E02EDB4E888}.Release|x64.ActiveCfg = Release|Any CPU
		{5AD0F76E-E6BC-425B-8C83-3E02EDB4E888}.Release|x64.Build.0 = Release|Any CPU
		{5AD0F76E-E6BC-425B-8C83-3E02EDB4E888}.Release|x86.ActiveCfg = Release|Any CPU
		{5AD0F76E-E6BC-425B-8C83-3E02EDB4E888}.Release|x86.Build.0 = Release|Any CPU
		{A83E5B31-4792-4BE3-B861-E9FA13836928}.Debug|Any CPU.ActiveCfg = Debug|Any CPU
		{A83E5B31-4792-4BE3-B861-E9FA13836928}.Debug|Any CPU.Build.0 = Debug|Any CPU
		{A83E5B31-4792-4BE3-B861-E9FA13836928}.Debug|x64.ActiveCfg = Debug|Any CPU
		{A83E5B31-4792-4BE3-B861-E9FA13836928}.Debug|x64.Build.0 = Debug|Any CPU
		{A83E5B31-4792-4BE3-B861-E9FA13836928}.Debug|x86.ActiveCfg = Debug|Any CPU
		{A83E5B31-4792-4BE3-B861-E9FA13836928}.Debug|x86.Build.0 = Debug|Any CPU
		{A83E5B31-4792-4BE3-B861-E9FA13836928}.Release|Any CPU.ActiveCfg = Release|Any CPU
		{A83E5B31-4792-4BE3-B861-E9FA13836928}.Release|Any CPU.Build.0 = Release|Any CPU
		{A83E5B31-4792-4BE3-B861-E9FA13836928}.Release|x64.ActiveCfg = Release|Any CPU
		{A83E5B31-4792-4BE3-B861-E9FA13836928}.Release|x64.Build.0 = Release|Any CPU
		{A83E5B31-4792-4BE3-B861-E9FA13836928}.Release|x86.ActiveCfg = Release|Any CPU
		{A83E5B31-4792-4BE3-B861-E9FA13836928}.Release|x86.Build.0 = Release|Any CPU
		{08D3CE16-F664-47FA-9AC0-B1DE1152ACA6}.Debug|Any CPU.ActiveCfg = Debug|Any CPU
		{08D3CE16-F664-47FA-9AC0-B1DE1152ACA6}.Debug|Any CPU.Build.0 = Debug|Any CPU
		{08D3CE16-F664-47FA-9AC0-B1DE1152ACA6}.Debug|x64.ActiveCfg = Debug|Any CPU
		{08D3CE16-F664-47FA-9AC0-B1DE1152ACA6}.Debug|x64.Build.0 = Debug|Any CPU
		{08D3CE16-F664-47FA-9AC0-B1DE1152ACA6}.Debug|x86.ActiveCfg = Debug|Any CPU
		{08D3CE16-F664-47FA-9AC0-B1DE1152ACA6}.Debug|x86.Build.0 = Debug|Any CPU
		{08D3CE16-F664-47FA-9AC0-B1DE1152ACA6}.Release|Any CPU.ActiveCfg = Release|Any CPU
		{08D3CE16-F664-47FA-9AC0-B1DE1152ACA6}.Release|Any CPU.Build.0 = Release|Any CPU
		{08D3CE16-F664-47FA-9AC0-B1DE1152ACA6}.Release|x64.ActiveCfg = Release|Any CPU
		{08D3CE16-F664-47FA-9AC0-B1DE1152ACA6}.Release|x64.Build.0 = Release|Any CPU
		{08D3CE16-F664-47FA-9AC0-B1DE1152ACA6}.Release|x86.ActiveCfg = Release|Any CPU
		{08D3CE16-F664-47FA-9AC0-B1DE1152ACA6}.Release|x86.Build.0 = Release|Any CPU
	EndGlobalSection
	GlobalSection(SolutionProperties) = preSolution
		HideSolutionNode = FALSE
	EndGlobalSection
	GlobalSection(ExtensibilityGlobals) = postSolution
		SolutionGuid = {49F4B95F-A8CA-4364-AD22-682B8FBFD36B}
	EndGlobalSection
EndGlobal
